
Microsoft Visual Studio Solution File, Format Version 12.00
# Visual Studio Version 16
VisualStudioVersion = 16.0.30621.155
MinimumVisualStudioVersion = 10.0.40219.1
Project("{9A19103F-16F7-4668-BE54-9A1E7A4F7556}") = "Driver", "Driver\Driver.csproj", "{4100C916-EED2-49AC-974A-4A05B324852F}"
EndProject
Project("{9A19103F-16F7-4668-BE54-9A1E7A4F7556}") = "Day01", "Day01\Day01.csproj", "{ED4638EA-CAB4-4E1B-8B4D-23409861732B}"
EndProject
Project("{9A19103F-16F7-4668-BE54-9A1E7A4F7556}") = "Day02", "Day02\Day02.csproj", "{DD5A3CFF-8C8F-435E-B13C-99492F03DE45}"
EndProject
Project("{9A19103F-16F7-4668-BE54-9A1E7A4F7556}") = "Day03", "Day03\Day03.csproj", "{DB2F29D4-0019-48F3-A1EE-F91C3A3B6DE5}"
EndProject
Project("{9A19103F-16F7-4668-BE54-9A1E7A4F7556}") = "Utilities", "Utilities\Utilities.csproj", "{86F7BCF0-2022-46F6-9041-ED7F6E872E97}"
EndProject
Project("{2150E333-8FDC-42A3-9474-1A3956D46DE8}") = "Solution Items", "Solution Items", "{F9358771-93CD-40BF-831A-CAD4EFD6BF60}"
	ProjectSection(SolutionItems) = preProject
		Create-Day.ps1 = Create-Day.ps1
		Directory.Build.props = Directory.Build.props
		StyleCopAnalyzersDefault.ruleset = StyleCopAnalyzersDefault.ruleset
	EndProjectSection
EndProject
Project("{9A19103F-16F7-4668-BE54-9A1E7A4F7556}") = "Day04", "Day04\Day04.csproj", "{7F5A32CE-5BBC-4843-B28C-E24DA52A2C15}"
EndProject
Project("{9A19103F-16F7-4668-BE54-9A1E7A4F7556}") = "Day05", "Day05\Day05.csproj", "{1F43DA9B-E80E-49BD-8DD2-778A39B2E3CE}"
EndProject
Project("{9A19103F-16F7-4668-BE54-9A1E7A4F7556}") = "Day06", "Day06\Day06.csproj", "{E545425A-3D78-45FF-858F-CFF024AB878E}"
EndProject
Project("{9A19103F-16F7-4668-BE54-9A1E7A4F7556}") = "Day07", "Day07\Day07.csproj", "{259473B4-DDE0-4D5C-9264-02551B59195B}"
EndProject
Project("{9A19103F-16F7-4668-BE54-9A1E7A4F7556}") = "Day08", "Day08\Day08.csproj", "{81FB0445-625A-4829-8374-CE3009E50B31}"
EndProject
Project("{9A19103F-16F7-4668-BE54-9A1E7A4F7556}") = "Day09", "Day09\Day09.csproj", "{AF7FB476-1C09-49BC-8775-7A699E722E0C}"
EndProject
Project("{9A19103F-16F7-4668-BE54-9A1E7A4F7556}") = "Day10", "Day10\Day10.csproj", "{6B6B325F-5CA2-4112-A61A-D7BA87948492}"
EndProject
Project("{9A19103F-16F7-4668-BE54-9A1E7A4F7556}") = "Day11", "Day11\Day11.csproj", "{E7EEF381-68CF-4CCA-BD79-F0045077D550}"
EndProject
Project("{9A19103F-16F7-4668-BE54-9A1E7A4F7556}") = "Map", "Map\Map.csproj", "{FDB25AA0-5AE9-4013-99E3-EE19BA7D898B}"
EndProject
Project("{9A19103F-16F7-4668-BE54-9A1E7A4F7556}") = "Day12", "Day12\Day12.csproj", "{6574C4BB-01E9-48B4-9D59-89990EE5DA8A}"
EndProject
Project("{9A19103F-16F7-4668-BE54-9A1E7A4F7556}") = "Day13", "Day13\Day13.csproj", "{979C5B31-E5CD-4BD3-8A1A-E10F1A482B8F}"
EndProject
Project("{9A19103F-16F7-4668-BE54-9A1E7A4F7556}") = "Day14", "Day14\Day14.csproj", "{06599BAE-0849-4340-84CD-7CF7F5C9AD45}"
EndProject
Project("{9A19103F-16F7-4668-BE54-9A1E7A4F7556}") = "Day08Computer", "Day08Computer\Day08Computer.csproj", "{7EB389DC-70D0-46FD-95FD-D645DB33EBCE}"
EndProject
Project("{FAE04EC0-301F-11D3-BF4B-00C04F79EFBC}") = "Day14Computer", "Day14Computer\Day14Computer.csproj", "{6868B0A9-BF75-40C1-B5F2-9CA26AA4D1B1}"
EndProject
Project("{FAE04EC0-301F-11D3-BF4B-00C04F79EFBC}") = "Day15", "Day15\Day15.csproj", "{3AF2AA52-A40C-454F-9150-EB3B8F655024}"
EndProject
Project("{FAE04EC0-301F-11D3-BF4B-00C04F79EFBC}") = "Day16", "Day16\Day16.csproj", "{6CFB43CC-5BB9-40D6-9602-6CC6F995C7FF}"
EndProject
Project("{FAE04EC0-301F-11D3-BF4B-00C04F79EFBC}") = "Day17", "Day17\Day17.csproj", "{E9691CDE-C6F8-4560-A0C2-82D68486CDDF}"
EndProject
Project("{FAE04EC0-301F-11D3-BF4B-00C04F79EFBC}") = "Day18", "Day18\Day18.csproj", "{CF68F74C-891F-48A7-B5BB-4335DFD1EFB3}"
EndProject
Project("{FAE04EC0-301F-11D3-BF4B-00C04F79EFBC}") = "Day19", "Day19\Day19.csproj", "{1F92502D-4035-47E2-8684-66F93559D69A}"
EndProject
Project("{FAE04EC0-301F-11D3-BF4B-00C04F79EFBC}") = "Day20", "Day20\Day20.csproj", "{DCA68AAF-C7D8-4FC1-AF63-53147B6D17EF}"
EndProject
Project("{FAE04EC0-301F-11D3-BF4B-00C04F79EFBC}") = "Day21", "Day21\Day21.csproj", "{EAEBC9BB-73B9-4116-BCBB-AC942BEA9A35}"
EndProject
Project("{FAE04EC0-301F-11D3-BF4B-00C04F79EFBC}") = "Day22", "Day22\Day22.csproj", "{E4B271FB-3928-4EEE-8EBB-7DF8B2B9B239}"
EndProject
Global
	GlobalSection(SolutionConfigurationPlatforms) = preSolution
		Debug|Any CPU = Debug|Any CPU
		Release|Any CPU = Release|Any CPU
	EndGlobalSection
	GlobalSection(ProjectConfigurationPlatforms) = postSolution
		{4100C916-EED2-49AC-974A-4A05B324852F}.Debug|Any CPU.ActiveCfg = Debug|Any CPU
		{4100C916-EED2-49AC-974A-4A05B324852F}.Debug|Any CPU.Build.0 = Debug|Any CPU
		{4100C916-EED2-49AC-974A-4A05B324852F}.Release|Any CPU.ActiveCfg = Release|Any CPU
		{4100C916-EED2-49AC-974A-4A05B324852F}.Release|Any CPU.Build.0 = Release|Any CPU
		{ED4638EA-CAB4-4E1B-8B4D-23409861732B}.Debug|Any CPU.ActiveCfg = Debug|Any CPU
		{ED4638EA-CAB4-4E1B-8B4D-23409861732B}.Debug|Any CPU.Build.0 = Debug|Any CPU
		{ED4638EA-CAB4-4E1B-8B4D-23409861732B}.Release|Any CPU.ActiveCfg = Release|Any CPU
		{ED4638EA-CAB4-4E1B-8B4D-23409861732B}.Release|Any CPU.Build.0 = Release|Any CPU
		{DD5A3CFF-8C8F-435E-B13C-99492F03DE45}.Debug|Any CPU.ActiveCfg = Debug|Any CPU
		{DD5A3CFF-8C8F-435E-B13C-99492F03DE45}.Debug|Any CPU.Build.0 = Debug|Any CPU
		{DD5A3CFF-8C8F-435E-B13C-99492F03DE45}.Release|Any CPU.ActiveCfg = Release|Any CPU
		{DD5A3CFF-8C8F-435E-B13C-99492F03DE45}.Release|Any CPU.Build.0 = Release|Any CPU
		{DB2F29D4-0019-48F3-A1EE-F91C3A3B6DE5}.Debug|Any CPU.ActiveCfg = Debug|Any CPU
		{DB2F29D4-0019-48F3-A1EE-F91C3A3B6DE5}.Debug|Any CPU.Build.0 = Debug|Any CPU
		{DB2F29D4-0019-48F3-A1EE-F91C3A3B6DE5}.Release|Any CPU.ActiveCfg = Release|Any CPU
		{DB2F29D4-0019-48F3-A1EE-F91C3A3B6DE5}.Release|Any CPU.Build.0 = Release|Any CPU
		{86F7BCF0-2022-46F6-9041-ED7F6E872E97}.Debug|Any CPU.ActiveCfg = Debug|Any CPU
		{86F7BCF0-2022-46F6-9041-ED7F6E872E97}.Debug|Any CPU.Build.0 = Debug|Any CPU
		{86F7BCF0-2022-46F6-9041-ED7F6E872E97}.Release|Any CPU.ActiveCfg = Release|Any CPU
		{86F7BCF0-2022-46F6-9041-ED7F6E872E97}.Release|Any CPU.Build.0 = Release|Any CPU
		{7F5A32CE-5BBC-4843-B28C-E24DA52A2C15}.Debug|Any CPU.ActiveCfg = Debug|Any CPU
		{7F5A32CE-5BBC-4843-B28C-E24DA52A2C15}.Debug|Any CPU.Build.0 = Debug|Any CPU
		{7F5A32CE-5BBC-4843-B28C-E24DA52A2C15}.Release|Any CPU.ActiveCfg = Release|Any CPU
		{7F5A32CE-5BBC-4843-B28C-E24DA52A2C15}.Release|Any CPU.Build.0 = Release|Any CPU
		{1F43DA9B-E80E-49BD-8DD2-778A39B2E3CE}.Debug|Any CPU.ActiveCfg = Debug|Any CPU
		{1F43DA9B-E80E-49BD-8DD2-778A39B2E3CE}.Debug|Any CPU.Build.0 = Debug|Any CPU
		{1F43DA9B-E80E-49BD-8DD2-778A39B2E3CE}.Release|Any CPU.ActiveCfg = Release|Any CPU
		{1F43DA9B-E80E-49BD-8DD2-778A39B2E3CE}.Release|Any CPU.Build.0 = Release|Any CPU
		{E545425A-3D78-45FF-858F-CFF024AB878E}.Debug|Any CPU.ActiveCfg = Debug|Any CPU
		{E545425A-3D78-45FF-858F-CFF024AB878E}.Debug|Any CPU.Build.0 = Debug|Any CPU
		{E545425A-3D78-45FF-858F-CFF024AB878E}.Release|Any CPU.ActiveCfg = Release|Any CPU
		{E545425A-3D78-45FF-858F-CFF024AB878E}.Release|Any CPU.Build.0 = Release|Any CPU
		{259473B4-DDE0-4D5C-9264-02551B59195B}.Debug|Any CPU.ActiveCfg = Debug|Any CPU
		{259473B4-DDE0-4D5C-9264-02551B59195B}.Debug|Any CPU.Build.0 = Debug|Any CPU
		{259473B4-DDE0-4D5C-9264-02551B59195B}.Release|Any CPU.ActiveCfg = Release|Any CPU
		{259473B4-DDE0-4D5C-9264-02551B59195B}.Release|Any CPU.Build.0 = Release|Any CPU
		{81FB0445-625A-4829-8374-CE3009E50B31}.Debug|Any CPU.ActiveCfg = Debug|Any CPU
		{81FB0445-625A-4829-8374-CE3009E50B31}.Debug|Any CPU.Build.0 = Debug|Any CPU
		{81FB0445-625A-4829-8374-CE3009E50B31}.Release|Any CPU.ActiveCfg = Release|Any CPU
		{81FB0445-625A-4829-8374-CE3009E50B31}.Release|Any CPU.Build.0 = Release|Any CPU
		{AF7FB476-1C09-49BC-8775-7A699E722E0C}.Debug|Any CPU.ActiveCfg = Debug|Any CPU
		{AF7FB476-1C09-49BC-8775-7A699E722E0C}.Debug|Any CPU.Build.0 = Debug|Any CPU
		{AF7FB476-1C09-49BC-8775-7A699E722E0C}.Release|Any CPU.ActiveCfg = Release|Any CPU
		{AF7FB476-1C09-49BC-8775-7A699E722E0C}.Release|Any CPU.Build.0 = Release|Any CPU
		{6B6B325F-5CA2-4112-A61A-D7BA87948492}.Debug|Any CPU.ActiveCfg = Debug|Any CPU
		{6B6B325F-5CA2-4112-A61A-D7BA87948492}.Debug|Any CPU.Build.0 = Debug|Any CPU
		{6B6B325F-5CA2-4112-A61A-D7BA87948492}.Release|Any CPU.ActiveCfg = Release|Any CPU
		{6B6B325F-5CA2-4112-A61A-D7BA87948492}.Release|Any CPU.Build.0 = Release|Any CPU
		{E7EEF381-68CF-4CCA-BD79-F0045077D550}.Debug|Any CPU.ActiveCfg = Debug|Any CPU
		{E7EEF381-68CF-4CCA-BD79-F0045077D550}.Debug|Any CPU.Build.0 = Debug|Any CPU
		{E7EEF381-68CF-4CCA-BD79-F0045077D550}.Release|Any CPU.ActiveCfg = Release|Any CPU
		{E7EEF381-68CF-4CCA-BD79-F0045077D550}.Release|Any CPU.Build.0 = Release|Any CPU
		{FDB25AA0-5AE9-4013-99E3-EE19BA7D898B}.Debug|Any CPU.ActiveCfg = Debug|Any CPU
		{FDB25AA0-5AE9-4013-99E3-EE19BA7D898B}.Debug|Any CPU.Build.0 = Debug|Any CPU
		{FDB25AA0-5AE9-4013-99E3-EE19BA7D898B}.Release|Any CPU.ActiveCfg = Release|Any CPU
		{FDB25AA0-5AE9-4013-99E3-EE19BA7D898B}.Release|Any CPU.Build.0 = Release|Any CPU
		{6574C4BB-01E9-48B4-9D59-89990EE5DA8A}.Debug|Any CPU.ActiveCfg = Debug|Any CPU
		{6574C4BB-01E9-48B4-9D59-89990EE5DA8A}.Debug|Any CPU.Build.0 = Debug|Any CPU
		{6574C4BB-01E9-48B4-9D59-89990EE5DA8A}.Release|Any CPU.ActiveCfg = Release|Any CPU
		{6574C4BB-01E9-48B4-9D59-89990EE5DA8A}.Release|Any CPU.Build.0 = Release|Any CPU
		{979C5B31-E5CD-4BD3-8A1A-E10F1A482B8F}.Debug|Any CPU.ActiveCfg = Debug|Any CPU
		{979C5B31-E5CD-4BD3-8A1A-E10F1A482B8F}.Debug|Any CPU.Build.0 = Debug|Any CPU
		{979C5B31-E5CD-4BD3-8A1A-E10F1A482B8F}.Release|Any CPU.ActiveCfg = Release|Any CPU
		{979C5B31-E5CD-4BD3-8A1A-E10F1A482B8F}.Release|Any CPU.Build.0 = Release|Any CPU
		{06599BAE-0849-4340-84CD-7CF7F5C9AD45}.Debug|Any CPU.ActiveCfg = Debug|Any CPU
		{06599BAE-0849-4340-84CD-7CF7F5C9AD45}.Debug|Any CPU.Build.0 = Debug|Any CPU
		{06599BAE-0849-4340-84CD-7CF7F5C9AD45}.Release|Any CPU.ActiveCfg = Release|Any CPU
		{06599BAE-0849-4340-84CD-7CF7F5C9AD45}.Release|Any CPU.Build.0 = Release|Any CPU
		{7EB389DC-70D0-46FD-95FD-D645DB33EBCE}.Debug|Any CPU.ActiveCfg = Debug|Any CPU
		{7EB389DC-70D0-46FD-95FD-D645DB33EBCE}.Debug|Any CPU.Build.0 = Debug|Any CPU
		{7EB389DC-70D0-46FD-95FD-D645DB33EBCE}.Release|Any CPU.ActiveCfg = Release|Any CPU
		{7EB389DC-70D0-46FD-95FD-D645DB33EBCE}.Release|Any CPU.Build.0 = Release|Any CPU
		{6868B0A9-BF75-40C1-B5F2-9CA26AA4D1B1}.Debug|Any CPU.ActiveCfg = Debug|Any CPU
		{6868B0A9-BF75-40C1-B5F2-9CA26AA4D1B1}.Debug|Any CPU.Build.0 = Debug|Any CPU
		{6868B0A9-BF75-40C1-B5F2-9CA26AA4D1B1}.Release|Any CPU.ActiveCfg = Release|Any CPU
		{6868B0A9-BF75-40C1-B5F2-9CA26AA4D1B1}.Release|Any CPU.Build.0 = Release|Any CPU
		{3AF2AA52-A40C-454F-9150-EB3B8F655024}.Debug|Any CPU.ActiveCfg = Debug|Any CPU
		{3AF2AA52-A40C-454F-9150-EB3B8F655024}.Debug|Any CPU.Build.0 = Debug|Any CPU
		{3AF2AA52-A40C-454F-9150-EB3B8F655024}.Release|Any CPU.ActiveCfg = Release|Any CPU
		{3AF2AA52-A40C-454F-9150-EB3B8F655024}.Release|Any CPU.Build.0 = Release|Any CPU
		{6CFB43CC-5BB9-40D6-9602-6CC6F995C7FF}.Debug|Any CPU.ActiveCfg = Debug|Any CPU
		{6CFB43CC-5BB9-40D6-9602-6CC6F995C7FF}.Debug|Any CPU.Build.0 = Debug|Any CPU
		{6CFB43CC-5BB9-40D6-9602-6CC6F995C7FF}.Release|Any CPU.ActiveCfg = Release|Any CPU
		{6CFB43CC-5BB9-40D6-9602-6CC6F995C7FF}.Release|Any CPU.Build.0 = Release|Any CPU
		{E9691CDE-C6F8-4560-A0C2-82D68486CDDF}.Debug|Any CPU.ActiveCfg = Debug|Any CPU
		{E9691CDE-C6F8-4560-A0C2-82D68486CDDF}.Debug|Any CPU.Build.0 = Debug|Any CPU
		{E9691CDE-C6F8-4560-A0C2-82D68486CDDF}.Release|Any CPU.ActiveCfg = Release|Any CPU
		{E9691CDE-C6F8-4560-A0C2-82D68486CDDF}.Release|Any CPU.Build.0 = Release|Any CPU
		{CF68F74C-891F-48A7-B5BB-4335DFD1EFB3}.Debug|Any CPU.ActiveCfg = Debug|Any CPU
		{CF68F74C-891F-48A7-B5BB-4335DFD1EFB3}.Debug|Any CPU.Build.0 = Debug|Any CPU
		{CF68F74C-891F-48A7-B5BB-4335DFD1EFB3}.Release|Any CPU.ActiveCfg = Release|Any CPU
		{CF68F74C-891F-48A7-B5BB-4335DFD1EFB3}.Release|Any CPU.Build.0 = Release|Any CPU
		{1F92502D-4035-47E2-8684-66F93559D69A}.Debug|Any CPU.ActiveCfg = Debug|Any CPU
		{1F92502D-4035-47E2-8684-66F93559D69A}.Debug|Any CPU.Build.0 = Debug|Any CPU
		{1F92502D-4035-47E2-8684-66F93559D69A}.Release|Any CPU.ActiveCfg = Release|Any CPU
		{1F92502D-4035-47E2-8684-66F93559D69A}.Release|Any CPU.Build.0 = Release|Any CPU
		{DCA68AAF-C7D8-4FC1-AF63-53147B6D17EF}.Debug|Any CPU.ActiveCfg = Debug|Any CPU
		{DCA68AAF-C7D8-4FC1-AF63-53147B6D17EF}.Debug|Any CPU.Build.0 = Debug|Any CPU
		{DCA68AAF-C7D8-4FC1-AF63-53147B6D17EF}.Release|Any CPU.ActiveCfg = Release|Any CPU
		{DCA68AAF-C7D8-4FC1-AF63-53147B6D17EF}.Release|Any CPU.Build.0 = Release|Any CPU
		{EAEBC9BB-73B9-4116-BCBB-AC942BEA9A35}.Debug|Any CPU.ActiveCfg = Debug|Any CPU
		{EAEBC9BB-73B9-4116-BCBB-AC942BEA9A35}.Debug|Any CPU.Build.0 = Debug|Any CPU
		{EAEBC9BB-73B9-4116-BCBB-AC942BEA9A35}.Release|Any CPU.ActiveCfg = Release|Any CPU
		{EAEBC9BB-73B9-4116-BCBB-AC942BEA9A35}.Release|Any CPU.Build.0 = Release|Any CPU
		{E4B271FB-3928-4EEE-8EBB-7DF8B2B9B239}.Debug|Any CPU.ActiveCfg = Debug|Any CPU
		{E4B271FB-3928-4EEE-8EBB-7DF8B2B9B239}.Debug|Any CPU.Build.0 = Debug|Any CPU
		{E4B271FB-3928-4EEE-8EBB-7DF8B2B9B239}.Release|Any CPU.ActiveCfg = Release|Any CPU
		{E4B271FB-3928-4EEE-8EBB-7DF8B2B9B239}.Release|Any CPU.Build.0 = Release|Any CPU
	EndGlobalSection
	GlobalSection(SolutionProperties) = preSolution
		HideSolutionNode = FALSE
	EndGlobalSection
	GlobalSection(ExtensibilityGlobals) = postSolution
		SolutionGuid = {CE48844F-A58A-450B-82EE-346B091CF632}
	EndGlobalSection
EndGlobal
