
Microsoft Visual Studio Solution File, Format Version 12.00
# Visual Studio Version 16
VisualStudioVersion = 16.0.30621.155
MinimumVisualStudioVersion = 10.0.40219.1
Project("{9A19103F-16F7-4668-BE54-9A1E7A4F7556}") = "Driver", "Driver\Driver.csproj", "{4100C916-EED2-49AC-974A-4A05B324852F}"
EndProject
Project("{9A19103F-16F7-4668-BE54-9A1E7A4F7556}") = "Day01", "Day01\Day01.csproj", "{ED4638EA-CAB4-4E1B-8B4D-23409861732B}"
EndProject
Project("{9A19103F-16F7-4668-BE54-9A1E7A4F7556}") = "Day02", "Day02\Day02.csproj", "{DD5A3CFF-8C8F-435E-B13C-99492F03DE45}"
EndProject
Project("{9A19103F-16F7-4668-BE54-9A1E7A4F7556}") = "Day03", "Day03\Day03.csproj", "{DB2F29D4-0019-48F3-A1EE-F91C3A3B6DE5}"
EndProject
Project("{9A19103F-16F7-4668-BE54-9A1E7A4F7556}") = "Sledding", "Sledding\Sledding.csproj", "{CDE1DE1F-22E1-4514-BFC6-7725260BDC0D}"
EndProject
Project("{9A19103F-16F7-4668-BE54-9A1E7A4F7556}") = "Utilities", "Utilities\Utilities.csproj", "{86F7BCF0-2022-46F6-9041-ED7F6E872E97}"
EndProject
Project("{2150E333-8FDC-42A3-9474-1A3956D46DE8}") = "Solution Items", "Solution Items", "{F9358771-93CD-40BF-831A-CAD4EFD6BF60}"
	ProjectSection(SolutionItems) = preProject
		Directory.Build.props = Directory.Build.props
		StyleCopAnalyzersDefault.ruleset = StyleCopAnalyzersDefault.ruleset
	EndProjectSection
EndProject
Project("{9A19103F-16F7-4668-BE54-9A1E7A4F7556}") = "Day04", "Day04\Day04.csproj", "{7F5A32CE-5BBC-4843-B28C-E24DA52A2C15}"
EndProject
Project("{9A19103F-16F7-4668-BE54-9A1E7A4F7556}") = "Day05", "Day05\Day05.csproj", "{1F43DA9B-E80E-49BD-8DD2-778A39B2E3CE}"
EndProject
Project("{9A19103F-16F7-4668-BE54-9A1E7A4F7556}") = "Day06", "Day06\Day06.csproj", "{E545425A-3D78-45FF-858F-CFF024AB878E}"
EndProject
Project("{9A19103F-16F7-4668-BE54-9A1E7A4F7556}") = "Day07", "Day07\Day07.csproj", "{259473B4-DDE0-4D5C-9264-02551B59195B}"
EndProject
Global
	GlobalSection(SolutionConfigurationPlatforms) = preSolution
		Debug|Any CPU = Debug|Any CPU
		Release|Any CPU = Release|Any CPU
	EndGlobalSection
	GlobalSection(ProjectConfigurationPlatforms) = postSolution
		{4100C916-EED2-49AC-974A-4A05B324852F}.Debug|Any CPU.ActiveCfg = Debug|Any CPU
		{4100C916-EED2-49AC-974A-4A05B324852F}.Debug|Any CPU.Build.0 = Debug|Any CPU
		{4100C916-EED2-49AC-974A-4A05B324852F}.Release|Any CPU.ActiveCfg = Release|Any CPU
		{4100C916-EED2-49AC-974A-4A05B324852F}.Release|Any CPU.Build.0 = Release|Any CPU
		{ED4638EA-CAB4-4E1B-8B4D-23409861732B}.Debug|Any CPU.ActiveCfg = Debug|Any CPU
		{ED4638EA-CAB4-4E1B-8B4D-23409861732B}.Debug|Any CPU.Build.0 = Debug|Any CPU
		{ED4638EA-CAB4-4E1B-8B4D-23409861732B}.Release|Any CPU.ActiveCfg = Release|Any CPU
		{ED4638EA-CAB4-4E1B-8B4D-23409861732B}.Release|Any CPU.Build.0 = Release|Any CPU
		{DD5A3CFF-8C8F-435E-B13C-99492F03DE45}.Debug|Any CPU.ActiveCfg = Debug|Any CPU
		{DD5A3CFF-8C8F-435E-B13C-99492F03DE45}.Debug|Any CPU.Build.0 = Debug|Any CPU
		{DD5A3CFF-8C8F-435E-B13C-99492F03DE45}.Release|Any CPU.ActiveCfg = Release|Any CPU
		{DD5A3CFF-8C8F-435E-B13C-99492F03DE45}.Release|Any CPU.Build.0 = Release|Any CPU
		{DB2F29D4-0019-48F3-A1EE-F91C3A3B6DE5}.Debug|Any CPU.ActiveCfg = Debug|Any CPU
		{DB2F29D4-0019-48F3-A1EE-F91C3A3B6DE5}.Debug|Any CPU.Build.0 = Debug|Any CPU
		{DB2F29D4-0019-48F3-A1EE-F91C3A3B6DE5}.Release|Any CPU.ActiveCfg = Release|Any CPU
		{DB2F29D4-0019-48F3-A1EE-F91C3A3B6DE5}.Release|Any CPU.Build.0 = Release|Any CPU
		{CDE1DE1F-22E1-4514-BFC6-7725260BDC0D}.Debug|Any CPU.ActiveCfg = Debug|Any CPU
		{CDE1DE1F-22E1-4514-BFC6-7725260BDC0D}.Debug|Any CPU.Build.0 = Debug|Any CPU
		{CDE1DE1F-22E1-4514-BFC6-7725260BDC0D}.Release|Any CPU.ActiveCfg = Release|Any CPU
		{CDE1DE1F-22E1-4514-BFC6-7725260BDC0D}.Release|Any CPU.Build.0 = Release|Any CPU
		{86F7BCF0-2022-46F6-9041-ED7F6E872E97}.Debug|Any CPU.ActiveCfg = Debug|Any CPU
		{86F7BCF0-2022-46F6-9041-ED7F6E872E97}.Debug|Any CPU.Build.0 = Debug|Any CPU
		{86F7BCF0-2022-46F6-9041-ED7F6E872E97}.Release|Any CPU.ActiveCfg = Release|Any CPU
		{86F7BCF0-2022-46F6-9041-ED7F6E872E97}.Release|Any CPU.Build.0 = Release|Any CPU
		{7F5A32CE-5BBC-4843-B28C-E24DA52A2C15}.Debug|Any CPU.ActiveCfg = Debug|Any CPU
		{7F5A32CE-5BBC-4843-B28C-E24DA52A2C15}.Debug|Any CPU.Build.0 = Debug|Any CPU
		{7F5A32CE-5BBC-4843-B28C-E24DA52A2C15}.Release|Any CPU.ActiveCfg = Release|Any CPU
		{7F5A32CE-5BBC-4843-B28C-E24DA52A2C15}.Release|Any CPU.Build.0 = Release|Any CPU
		{1F43DA9B-E80E-49BD-8DD2-778A39B2E3CE}.Debug|Any CPU.ActiveCfg = Debug|Any CPU
		{1F43DA9B-E80E-49BD-8DD2-778A39B2E3CE}.Debug|Any CPU.Build.0 = Debug|Any CPU
		{1F43DA9B-E80E-49BD-8DD2-778A39B2E3CE}.Release|Any CPU.ActiveCfg = Release|Any CPU
		{1F43DA9B-E80E-49BD-8DD2-778A39B2E3CE}.Release|Any CPU.Build.0 = Release|Any CPU
		{E545425A-3D78-45FF-858F-CFF024AB878E}.Debug|Any CPU.ActiveCfg = Debug|Any CPU
		{E545425A-3D78-45FF-858F-CFF024AB878E}.Debug|Any CPU.Build.0 = Debug|Any CPU
		{E545425A-3D78-45FF-858F-CFF024AB878E}.Release|Any CPU.ActiveCfg = Release|Any CPU
		{E545425A-3D78-45FF-858F-CFF024AB878E}.Release|Any CPU.Build.0 = Release|Any CPU
		{259473B4-DDE0-4D5C-9264-02551B59195B}.Debug|Any CPU.ActiveCfg = Debug|Any CPU
		{259473B4-DDE0-4D5C-9264-02551B59195B}.Debug|Any CPU.Build.0 = Debug|Any CPU
		{259473B4-DDE0-4D5C-9264-02551B59195B}.Release|Any CPU.ActiveCfg = Release|Any CPU
		{259473B4-DDE0-4D5C-9264-02551B59195B}.Release|Any CPU.Build.0 = Release|Any CPU
	EndGlobalSection
	GlobalSection(SolutionProperties) = preSolution
		HideSolutionNode = FALSE
	EndGlobalSection
	GlobalSection(ExtensibilityGlobals) = postSolution
		SolutionGuid = {CE48844F-A58A-450B-82EE-346B091CF632}
	EndGlobalSection
EndGlobal
